
Microsoft Visual Studio Solution File, Format Version 12.00
# Visual Studio Version 17
VisualStudioVersion = 17.5.33516.290
MinimumVisualStudioVersion = 10.0.40219.1
Project("{9A19103F-16F7-4668-BE54-9A1E7A4F7556}") = "DataAccessLayer", "DataAccessLayer\DataAccessLayer.csproj", "{7873FAAC-F627-44E4-847B-2C59AD356F82}"
EndProject
Project("{9A19103F-16F7-4668-BE54-9A1E7A4F7556}") = "ModelLayer", "ModelLayer\ModelLayer.csproj", "{3D564592-58EC-486E-8E7B-401E2CCE38A9}"
EndProject
Project("{9A19103F-16F7-4668-BE54-9A1E7A4F7556}") = "Services", "Services\Services.csproj", "{8E92BA92-484E-411B-9908-2A813848BA31}"
EndProject
Project("{9A19103F-16F7-4668-BE54-9A1E7A4F7556}") = "Product_CategoryModel", "Product_CategoryModel\Product_CategoryModel.csproj", "{48D4B2C6-BC60-4C9E-8311-32EAB3EEDD9F}"
EndProject
Project("{FAE04EC0-301F-11D3-BF4B-00C04F79EFBC}") = "MyCategoryProductTest", "MyCategoryProductTest\MyCategoryProductTest.csproj", "{C980511B-44CD-4184-B514-953C14DE0F42}"
EndProject
Global
	GlobalSection(SolutionConfigurationPlatforms) = preSolution
		Debug|Any CPU = Debug|Any CPU
		Release|Any CPU = Release|Any CPU
	EndGlobalSection
	GlobalSection(ProjectConfigurationPlatforms) = postSolution
		{7873FAAC-F627-44E4-847B-2C59AD356F82}.Debug|Any CPU.ActiveCfg = Debug|Any CPU
		{7873FAAC-F627-44E4-847B-2C59AD356F82}.Debug|Any CPU.Build.0 = Debug|Any CPU
		{7873FAAC-F627-44E4-847B-2C59AD356F82}.Release|Any CPU.ActiveCfg = Release|Any CPU
		{7873FAAC-F627-44E4-847B-2C59AD356F82}.Release|Any CPU.Build.0 = Release|Any CPU
		{3D564592-58EC-486E-8E7B-401E2CCE38A9}.Debug|Any CPU.ActiveCfg = Debug|Any CPU
		{3D564592-58EC-486E-8E7B-401E2CCE38A9}.Debug|Any CPU.Build.0 = Debug|Any CPU
		{3D564592-58EC-486E-8E7B-401E2CCE38A9}.Release|Any CPU.ActiveCfg = Release|Any CPU
		{3D564592-58EC-486E-8E7B-401E2CCE38A9}.Release|Any CPU.Build.0 = Release|Any CPU
		{8E92BA92-484E-411B-9908-2A813848BA31}.Debug|Any CPU.ActiveCfg = Debug|Any CPU
		{8E92BA92-484E-411B-9908-2A813848BA31}.Debug|Any CPU.Build.0 = Debug|Any CPU
		{8E92BA92-484E-411B-9908-2A813848BA31}.Release|Any CPU.ActiveCfg = Release|Any CPU
		{8E92BA92-484E-411B-9908-2A813848BA31}.Release|Any CPU.Build.0 = Release|Any CPU
		{48D4B2C6-BC60-4C9E-8311-32EAB3EEDD9F}.Debug|Any CPU.ActiveCfg = Debug|Any CPU
		{48D4B2C6-BC60-4C9E-8311-32EAB3EEDD9F}.Debug|Any CPU.Build.0 = Debug|Any CPU
		{48D4B2C6-BC60-4C9E-8311-32EAB3EEDD9F}.Release|Any CPU.ActiveCfg = Release|Any CPU
		{48D4B2C6-BC60-4C9E-8311-32EAB3EEDD9F}.Release|Any CPU.Build.0 = Release|Any CPU
		{C980511B-44CD-4184-B514-953C14DE0F42}.Debug|Any CPU.ActiveCfg = Debug|Any CPU
		{C980511B-44CD-4184-B514-953C14DE0F42}.Debug|Any CPU.Build.0 = Debug|Any CPU
		{C980511B-44CD-4184-B514-953C14DE0F42}.Release|Any CPU.ActiveCfg = Release|Any CPU
		{C980511B-44CD-4184-B514-953C14DE0F42}.Release|Any CPU.Build.0 = Release|Any CPU
	EndGlobalSection
	GlobalSection(SolutionProperties) = preSolution
		HideSolutionNode = FALSE
	EndGlobalSection
	GlobalSection(ExtensibilityGlobals) = postSolution
		SolutionGuid = {A7B62ACB-9B5C-4A98-B474-FCDD8A4C9265}
	EndGlobalSection
EndGlobal
